PODS:
  - GraphQL (0.0.2):
    - GraphQL/Resources (= 0.0.2)
  - GraphQL/Resources (0.0.2)

DEPENDENCIES:
  - GraphQL (from `../`)

EXTERNAL SOURCES:
  GraphQL:
    :path: "../"

SPEC CHECKSUMS:
  GraphQL: e60ecf24ec4b3a4ada8879f81a3acc74dc483177

PODFILE CHECKSUM: 3ef658026d4fe28d4019b2c062bad876d3c2c4ec

COCOAPODS: 1.2.0
